
Microsoft Visual Studio Solution File, Format Version 12.00
# Visual Studio Version 17
VisualStudioVersion = 17.1.32407.343
MinimumVisualStudioVersion = 10.0.40219.1
Project("{FAE04EC0-301F-11D3-BF4B-00C04F79EFBC}") = "Cw1_w1867890_Category", "Cw1_w1867890_Category\Cw1_w1867890_Category.csproj", "{510096A4-0950-4BD0-8F60-89F949EC8807}"
EndProject
Project("{FAE04EC0-301F-11D3-BF4B-00C04F79EFBC}") = "Cw1_w1867890_Transaction", "Cw1_w1867890_Transaction\Cw1_w1867890_Transaction.csproj", "{A4A5DB1A-3138-4E15-885A-F72EEE2BBE41}"
EndProject
Project("{FAE04EC0-301F-11D3-BF4B-00C04F79EFBC}") = "Cw1_w1867890_Gateway", "Cw1_w1867890_Gateway\Cw1_w1867890_Gateway.csproj", "{CBA5409A-1F91-480A-BA6B-E6BFC4971224}"
EndProject
Global
	GlobalSection(SolutionConfigurationPlatforms) = preSolution
		Debug|Any CPU = Debug|Any CPU
		Release|Any CPU = Release|Any CPU
	EndGlobalSection
	GlobalSection(ProjectConfigurationPlatforms) = postSolution
		{510096A4-0950-4BD0-8F60-89F949EC8807}.Debug|Any CPU.ActiveCfg = Debug|Any CPU
		{510096A4-0950-4BD0-8F60-89F949EC8807}.Debug|Any CPU.Build.0 = Debug|Any CPU
		{510096A4-0950-4BD0-8F60-89F949EC8807}.Release|Any CPU.ActiveCfg = Release|Any CPU
		{510096A4-0950-4BD0-8F60-89F949EC8807}.Release|Any CPU.Build.0 = Release|Any CPU
		{A4A5DB1A-3138-4E15-885A-F72EEE2BBE41}.Debug|Any CPU.ActiveCfg = Debug|Any CPU
		{A4A5DB1A-3138-4E15-885A-F72EEE2BBE41}.Debug|Any CPU.Build.0 = Debug|Any CPU
		{A4A5DB1A-3138-4E15-885A-F72EEE2BBE41}.Release|Any CPU.ActiveCfg = Release|Any CPU
		{A4A5DB1A-3138-4E15-885A-F72EEE2BBE41}.Release|Any CPU.Build.0 = Release|Any CPU
		{CBA5409A-1F91-480A-BA6B-E6BFC4971224}.Debug|Any CPU.ActiveCfg = Debug|Any CPU
		{CBA5409A-1F91-480A-BA6B-E6BFC4971224}.Debug|Any CPU.Build.0 = Debug|Any CPU
		{CBA5409A-1F91-480A-BA6B-E6BFC4971224}.Release|Any CPU.ActiveCfg = Release|Any CPU
		{CBA5409A-1F91-480A-BA6B-E6BFC4971224}.Release|Any CPU.Build.0 = Release|Any CPU
	EndGlobalSection
	GlobalSection(SolutionProperties) = preSolution
		HideSolutionNode = FALSE
	EndGlobalSection
	GlobalSection(ExtensibilityGlobals) = postSolution
		SolutionGuid = {B4D9C2E0-A7A5-44EE-B3BF-C0B5006D8648}
	EndGlobalSection
EndGlobal
